
Microsoft Visual Studio Solution File, Format Version 12.00
# Visual Studio Version 17
VisualStudioVersion = 17.0.31919.166
MinimumVisualStudioVersion = 10.0.40219.1
Project("{FAE04EC0-301F-11D3-BF4B-00C04F79EFBC}") = "CollectGpsData", "CollectGpsData\CollectGpsData.csproj", "{18B8F9A5-5355-4576-B0A2-23E12D7118A0}"
EndProject
Global
	GlobalSection(SolutionConfigurationPlatforms) = preSolution
		Debug|Any CPU = Debug|Any CPU
		Release|Any CPU = Release|Any CPU
	EndGlobalSection
	GlobalSection(ProjectConfigurationPlatforms) = postSolution
		{18B8F9A5-5355-4576-B0A2-23E12D7118A0}.Debug|Any CPU.ActiveCfg = Debug|Any CPU
		{18B8F9A5-5355-4576-B0A2-23E12D7118A0}.Debug|Any CPU.Build.0 = Debug|Any CPU
		{18B8F9A5-5355-4576-B0A2-23E12D7118A0}.Release|Any CPU.ActiveCfg = Release|Any CPU
		{18B8F9A5-5355-4576-B0A2-23E12D7118A0}.Release|Any CPU.Build.0 = Release|Any CPU
	EndGlobalSection
	GlobalSection(SolutionProperties) = preSolution
		HideSolutionNode = FALSE
	EndGlobalSection
	GlobalSection(ExtensibilityGlobals) = postSolution
		SolutionGuid = {C3809BA7-BCEC-45A6-9660-DC0DAF8D6777}
	EndGlobalSection
EndGlobal
